
Microsoft Visual Studio Solution File, Format Version 11.00
# Visual Studio 2010
Project("{FAE04EC0-301F-11D3-BF4B-00C04F79EFBC}") = "MultithreadedAndParallelProgramming", "MultithreadedAndParallelProgramming\MultithreadedAndParallelProgramming.csproj", "{08F6AEA6-FBDC-4DF6-962C-3E8CE43461B2}"
EndProject
Project("{FAE04EC0-301F-11D3-BF4B-00C04F79EFBC}") = "AsyncDelegatesDemo", "AsyncDelegatesDemo\AsyncDelegatesDemo.csproj", "{11D6FBCF-4D39-42D8-9DDD-47997153C2A0}"
EndProject
Project("{FAE04EC0-301F-11D3-BF4B-00C04F79EFBC}") = "SimpleMultiThreadApp", "SimpleMultiThreadApp\SimpleMultiThreadApp.csproj", "{FB28660A-70F0-4E66-A2A6-2FD9D50BA725}"
EndProject
Project("{FAE04EC0-301F-11D3-BF4B-00C04F79EFBC}") = "MultiThreadedPrinting", "MultiThreadedPrinting\MultiThreadedPrinting.csproj", "{58CE8257-783A-4E92-BB0F-95930D3887B7}"
EndProject
Project("{FAE04EC0-301F-11D3-BF4B-00C04F79EFBC}") = "TimerApp", "TimerApp\TimerApp.csproj", "{44725AF0-9118-4D21-B87A-5AD55577C31D}"
EndProject
Project("{FAE04EC0-301F-11D3-BF4B-00C04F79EFBC}") = "DataParallelismWithForEach", "DataParallelismWithForEach\DataParallelismWithForEach.csproj", "{E25DCF21-19FD-44D8-820C-7B1B4A114830}"
EndProject
Project("{FAE04EC0-301F-11D3-BF4B-00C04F79EFBC}") = "MyEBookReader", "MyEBookReader\MyEBookReader.csproj", "{F0E4A37F-A63D-4A08-8111-8350E5188EBB}"
EndProject
Project("{FAE04EC0-301F-11D3-BF4B-00C04F79EFBC}") = "PLINQDataProcessingWithCancellation", "PLINQDataProcessingWithCancellation\PLINQDataProcessingWithCancellation.csproj", "{04C6A7A6-F487-46D4-BD08-903B575D7130}"
EndProject
Global
	GlobalSection(TeamFoundationVersionControl) = preSolution
		SccNumberOfProjects = 9
		SccEnterpriseProvider = {4CA58AB2-18FA-4F8D-95D4-32DDF27D184C}
		SccTeamFoundationServer = http://naynish-pc:8080/tfs/defaultcollection
		SccLocalPath0 = .
		SccProjectUniqueName1 = MultithreadedAndParallelProgramming\\MultithreadedAndParallelProgramming.csproj
		SccProjectName1 = MultithreadedAndParallelProgramming
		SccLocalPath1 = MultithreadedAndParallelProgramming
		SccProjectUniqueName2 = AsyncDelegatesDemo\\AsyncDelegatesDemo.csproj
		SccProjectName2 = AsyncDelegatesDemo
		SccLocalPath2 = AsyncDelegatesDemo
		SccProjectUniqueName3 = SimpleMultiThreadApp\\SimpleMultiThreadApp.csproj
		SccProjectName3 = SimpleMultiThreadApp
		SccLocalPath3 = SimpleMultiThreadApp
		SccProjectUniqueName4 = MultiThreadedPrinting\\MultiThreadedPrinting.csproj
		SccProjectName4 = MultiThreadedPrinting
		SccLocalPath4 = MultiThreadedPrinting
		SccProjectUniqueName5 = TimerApp\\TimerApp.csproj
		SccProjectName5 = TimerApp
		SccLocalPath5 = TimerApp
		SccProjectUniqueName6 = DataParallelismWithForEach\\DataParallelismWithForEach.csproj
		SccProjectName6 = DataParallelismWithForEach
		SccLocalPath6 = DataParallelismWithForEach
		SccProjectUniqueName7 = MyEBookReader\\MyEBookReader.csproj
		SccProjectName7 = MyEBookReader
		SccLocalPath7 = MyEBookReader
		SccProjectUniqueName8 = PLINQDataProcessingWithCancellation\\PLINQDataProcessingWithCancellation.csproj
		SccProjectName8 = PLINQDataProcessingWithCancellation
		SccLocalPath8 = PLINQDataProcessingWithCancellation
	EndGlobalSection
	GlobalSection(SolutionConfigurationPlatforms) = preSolution
		Debug|x86 = Debug|x86
		Release|x86 = Release|x86
	EndGlobalSection
	GlobalSection(ProjectConfigurationPlatforms) = postSolution
		{08F6AEA6-FBDC-4DF6-962C-3E8CE43461B2}.Debug|x86.ActiveCfg = Debug|x86
		{08F6AEA6-FBDC-4DF6-962C-3E8CE43461B2}.Debug|x86.Build.0 = Debug|x86
		{08F6AEA6-FBDC-4DF6-962C-3E8CE43461B2}.Release|x86.ActiveCfg = Release|x86
		{08F6AEA6-FBDC-4DF6-962C-3E8CE43461B2}.Release|x86.Build.0 = Release|x86
		{11D6FBCF-4D39-42D8-9DDD-47997153C2A0}.Debug|x86.ActiveCfg = Debug|x86
		{11D6FBCF-4D39-42D8-9DDD-47997153C2A0}.Debug|x86.Build.0 = Debug|x86
		{11D6FBCF-4D39-42D8-9DDD-47997153C2A0}.Release|x86.ActiveCfg = Release|x86
		{11D6FBCF-4D39-42D8-9DDD-47997153C2A0}.Release|x86.Build.0 = Release|x86
		{FB28660A-70F0-4E66-A2A6-2FD9D50BA725}.Debug|x86.ActiveCfg = Debug|x86
		{FB28660A-70F0-4E66-A2A6-2FD9D50BA725}.Debug|x86.Build.0 = Debug|x86
		{FB28660A-70F0-4E66-A2A6-2FD9D50BA725}.Release|x86.ActiveCfg = Release|x86
		{FB28660A-70F0-4E66-A2A6-2FD9D50BA725}.Release|x86.Build.0 = Release|x86
		{58CE8257-783A-4E92-BB0F-95930D3887B7}.Debug|x86.ActiveCfg = Debug|x86
		{58CE8257-783A-4E92-BB0F-95930D3887B7}.Debug|x86.Build.0 = Debug|x86
		{58CE8257-783A-4E92-BB0F-95930D3887B7}.Release|x86.ActiveCfg = Release|x86
		{58CE8257-783A-4E92-BB0F-95930D3887B7}.Release|x86.Build.0 = Release|x86
		{44725AF0-9118-4D21-B87A-5AD55577C31D}.Debug|x86.ActiveCfg = Debug|x86
		{44725AF0-9118-4D21-B87A-5AD55577C31D}.Debug|x86.Build.0 = Debug|x86
		{44725AF0-9118-4D21-B87A-5AD55577C31D}.Release|x86.ActiveCfg = Release|x86
		{44725AF0-9118-4D21-B87A-5AD55577C31D}.Release|x86.Build.0 = Release|x86
		{E25DCF21-19FD-44D8-820C-7B1B4A114830}.Debug|x86.ActiveCfg = Debug|x86
		{E25DCF21-19FD-44D8-820C-7B1B4A114830}.Debug|x86.Build.0 = Debug|x86
		{E25DCF21-19FD-44D8-820C-7B1B4A114830}.Release|x86.ActiveCfg = Release|x86
		{E25DCF21-19FD-44D8-820C-7B1B4A114830}.Release|x86.Build.0 = Release|x86
		{F0E4A37F-A63D-4A08-8111-8350E5188EBB}.Debug|x86.ActiveCfg = Debug|x86
		{F0E4A37F-A63D-4A08-8111-8350E5188EBB}.Debug|x86.Build.0 = Debug|x86
		{F0E4A37F-A63D-4A08-8111-8350E5188EBB}.Release|x86.ActiveCfg = Release|x86
		{F0E4A37F-A63D-4A08-8111-8350E5188EBB}.Release|x86.Build.0 = Release|x86
		{04C6A7A6-F487-46D4-BD08-903B575D7130}.Debug|x86.ActiveCfg = Debug|x86
		{04C6A7A6-F487-46D4-BD08-903B575D7130}.Debug|x86.Build.0 = Debug|x86
		{04C6A7A6-F487-46D4-BD08-903B575D7130}.Release|x86.ActiveCfg = Release|x86
		{04C6A7A6-F487-46D4-BD08-903B575D7130}.Release|x86.Build.0 = Release|x86
	EndGlobalSection
	GlobalSection(SolutionProperties) = preSolution
		HideSolutionNode = FALSE
	EndGlobalSection
EndGlobal
