
Microsoft Visual Studio Solution File, Format Version 11.00
# Visual Studio 2010
Project("{FAE04EC0-301F-11D3-BF4B-00C04F79EFBC}") = "The Philosophy", "The Philosophy\The Philosophy.csproj", "{AADBCD2C-0504-4A10-AD11-6509FF2FEA5E}"
EndProject
Project("{FAE04EC0-301F-11D3-BF4B-00C04F79EFBC}") = "MyCustomLibrary", "MyCustomLibrary\MyCustomLibrary.csproj", "{39C80C99-2894-4123-A09A-27D559E548DF}"
EndProject
Project("{F184B08F-C81C-45F6-A57F-5ABD9991F28F}") = "VisualBasicCrossLanguageProgramming", "VisualBasicCrossLanguageProgramming\VisualBasicCrossLanguageProgramming.vbproj", "{43A86464-3278-4216-A4AA-5924FA5DFCFC}"
EndProject
Global
	GlobalSection(TeamFoundationVersionControl) = preSolution
		SccNumberOfProjects = 4
		SccEnterpriseProvider = {4CA58AB2-18FA-4F8D-95D4-32DDF27D184C}
		SccTeamFoundationServer = http://naynish-pc:8080/tfs/defaultcollection
		SccLocalPath0 = .
		SccProjectUniqueName1 = MyCustomLibrary\\MyCustomLibrary.csproj
		SccProjectName1 = MyCustomLibrary
		SccLocalPath1 = MyCustomLibrary
		SccProjectUniqueName2 = The\u0020Philosophy\\The\u0020Philosophy.csproj
		SccProjectName2 = The\u0020Philosophy
		SccLocalPath2 = The\u0020Philosophy
		SccProjectUniqueName3 = VisualBasicCrossLanguageProgramming\\VisualBasicCrossLanguageProgramming.vbproj
		SccProjectName3 = VisualBasicCrossLanguageProgramming
		SccLocalPath3 = VisualBasicCrossLanguageProgramming
	EndGlobalSection
	GlobalSection(SolutionConfigurationPlatforms) = preSolution
		Debug|Any CPU = Debug|Any CPU
		Debug|Mixed Platforms = Debug|Mixed Platforms
		Debug|x86 = Debug|x86
		Release|Any CPU = Release|Any CPU
		Release|Mixed Platforms = Release|Mixed Platforms
		Release|x86 = Release|x86
	EndGlobalSection
	GlobalSection(ProjectConfigurationPlatforms) = postSolution
		{AADBCD2C-0504-4A10-AD11-6509FF2FEA5E}.Debug|Any CPU.ActiveCfg = Debug|x86
		{AADBCD2C-0504-4A10-AD11-6509FF2FEA5E}.Debug|Mixed Platforms.ActiveCfg = Debug|x86
		{AADBCD2C-0504-4A10-AD11-6509FF2FEA5E}.Debug|Mixed Platforms.Build.0 = Debug|x86
		{AADBCD2C-0504-4A10-AD11-6509FF2FEA5E}.Debug|x86.ActiveCfg = Debug|x86
		{AADBCD2C-0504-4A10-AD11-6509FF2FEA5E}.Debug|x86.Build.0 = Debug|x86
		{AADBCD2C-0504-4A10-AD11-6509FF2FEA5E}.Release|Any CPU.ActiveCfg = Release|x86
		{AADBCD2C-0504-4A10-AD11-6509FF2FEA5E}.Release|Mixed Platforms.ActiveCfg = Release|x86
		{AADBCD2C-0504-4A10-AD11-6509FF2FEA5E}.Release|Mixed Platforms.Build.0 = Release|x86
		{AADBCD2C-0504-4A10-AD11-6509FF2FEA5E}.Release|x86.ActiveCfg = Release|x86
		{AADBCD2C-0504-4A10-AD11-6509FF2FEA5E}.Release|x86.Build.0 = Release|x86
		{39C80C99-2894-4123-A09A-27D559E548DF}.Debug|Any CPU.ActiveCfg = Debug|Any CPU
		{39C80C99-2894-4123-A09A-27D559E548DF}.Debug|Any CPU.Build.0 = Debug|Any CPU
		{39C80C99-2894-4123-A09A-27D559E548DF}.Debug|Mixed Platforms.ActiveCfg = Debug|Any CPU
		{39C80C99-2894-4123-A09A-27D559E548DF}.Debug|Mixed Platforms.Build.0 = Debug|Any CPU
		{39C80C99-2894-4123-A09A-27D559E548DF}.Debug|x86.ActiveCfg = Debug|Any CPU
		{39C80C99-2894-4123-A09A-27D559E548DF}.Release|Any CPU.ActiveCfg = Release|Any CPU
		{39C80C99-2894-4123-A09A-27D559E548DF}.Release|Any CPU.Build.0 = Release|Any CPU
		{39C80C99-2894-4123-A09A-27D559E548DF}.Release|Mixed Platforms.ActiveCfg = Release|Any CPU
		{39C80C99-2894-4123-A09A-27D559E548DF}.Release|Mixed Platforms.Build.0 = Release|Any CPU
		{39C80C99-2894-4123-A09A-27D559E548DF}.Release|x86.ActiveCfg = Release|Any CPU
		{43A86464-3278-4216-A4AA-5924FA5DFCFC}.Debug|Any CPU.ActiveCfg = Debug|Any CPU
		{43A86464-3278-4216-A4AA-5924FA5DFCFC}.Debug|Any CPU.Build.0 = Debug|Any CPU
		{43A86464-3278-4216-A4AA-5924FA5DFCFC}.Debug|Mixed Platforms.ActiveCfg = Debug|Any CPU
		{43A86464-3278-4216-A4AA-5924FA5DFCFC}.Debug|Mixed Platforms.Build.0 = Debug|Any CPU
		{43A86464-3278-4216-A4AA-5924FA5DFCFC}.Debug|x86.ActiveCfg = Debug|Any CPU
		{43A86464-3278-4216-A4AA-5924FA5DFCFC}.Release|Any CPU.ActiveCfg = Release|Any CPU
		{43A86464-3278-4216-A4AA-5924FA5DFCFC}.Release|Any CPU.Build.0 = Release|Any CPU
		{43A86464-3278-4216-A4AA-5924FA5DFCFC}.Release|Mixed Platforms.ActiveCfg = Release|Any CPU
		{43A86464-3278-4216-A4AA-5924FA5DFCFC}.Release|Mixed Platforms.Build.0 = Release|Any CPU
		{43A86464-3278-4216-A4AA-5924FA5DFCFC}.Release|x86.ActiveCfg = Release|Any CPU
	EndGlobalSection
	GlobalSection(SolutionProperties) = preSolution
		HideSolutionNode = FALSE
	EndGlobalSection
EndGlobal
